// !$*UTF8*$!
{
	archiveVersion = 1;
	classes = {
	};
	objectVersion = 50;
	objects = {

/* Begin PBXBuildFile section */
		3D5FA2E52397B3C200967C99 /* eventDetailDonovan.storyboard in Resources */ = {isa = PBXBuildFile; fileRef = 3D5FA2E42397B3C200967C99 /* eventDetailDonovan.storyboard */; };
		3D5FA2E72397B43100967C99 /* UserProfile.storyboard in Resources */ = {isa = PBXBuildFile; fileRef = 3D5FA2E62397B43100967C99 /* UserProfile.storyboard */; };
		3D5FA2E92397B49200967C99 /* FilterSportSohaib.storyboard in Resources */ = {isa = PBXBuildFile; fileRef = 3D5FA2E82397B49200967C99 /* FilterSportSohaib.storyboard */; };
		3D5FA2EB2397B4FF00967C99 /* FilterCalendarSohaib.storyboard in Resources */ = {isa = PBXBuildFile; fileRef = 3D5FA2EA2397B4FF00967C99 /* FilterCalendarSohaib.storyboard */; };
		3D8D1D3C2396C3BD00BB8A18 /* Prathiph Messagerie.storyboard in Resources */ = {isa = PBXBuildFile; fileRef = 3D8D1D3B2396C3BD00BB8A18 /* Prathiph Messagerie.storyboard */; };
		4DE210C323A25A5B0000AB3B /* MapViewController.swift in Sources */ = {isa = PBXBuildFile; fileRef = 4DE210C223A25A5B0000AB3B /* MapViewController.swift */; };
		DC43916E2396B3E000BA9616 /* AppDelegate.swift in Sources */ = {isa = PBXBuildFile; fileRef = DC43916D2396B3E000BA9616 /* AppDelegate.swift */; };
		DC4391702396B3E000BA9616 /* SceneDelegate.swift in Sources */ = {isa = PBXBuildFile; fileRef = DC43916F2396B3E000BA9616 /* SceneDelegate.swift */; };
		DC4391752396B3E100BA9616 /* Main.storyboard in Resources */ = {isa = PBXBuildFile; fileRef = DC4391732396B3E100BA9616 /* Main.storyboard */; };
		DC4391772396B3E200BA9616 /* Assets.xcassets in Resources */ = {isa = PBXBuildFile; fileRef = DC4391762396B3E200BA9616 /* Assets.xcassets */; };
		DC43917A2396B3E200BA9616 /* LaunchScreen.storyboard in Resources */ = {isa = PBXBuildFile; fileRef = DC4391782396B3E200BA9616 /* LaunchScreen.storyboard */; };
		DC4391822396C1B700BA9616 /* MapJasmine.storyboard in Resources */ = {isa = PBXBuildFile; fileRef = DC4391812396C1B700BA9616 /* MapJasmine.storyboard */; };
		DCAC337923A4493700F4C7F7 /* EventCreation.storyboard in Resources */ = {isa = PBXBuildFile; fileRef = DCAC337823A4493700F4C7F7 /* EventCreation.storyboard */; };
		DCAC337D23A46C7100F4C7F7 /* SearchingBySportViewController.swift in Sources */ = {isa = PBXBuildFile; fileRef = DCAC337C23A46C7100F4C7F7 /* SearchingBySportViewController.swift */; };
		DCAC337F23A46C9F00F4C7F7 /* SearchingBySport.storyboard in Resources */ = {isa = PBXBuildFile; fileRef = DCAC337E23A46C9F00F4C7F7 /* SearchingBySport.storyboard */; };
/* End PBXBuildFile section */

/* Begin PBXFileReference section */
		3D5FA2E42397B3C200967C99 /* eventDetailDonovan.storyboard */ = {isa = PBXFileReference; lastKnownFileType = file.storyboard; path = eventDetailDonovan.storyboard; sourceTree = "<group>"; };
		3D5FA2E62397B43100967C99 /* UserProfile.storyboard */ = {isa = PBXFileReference; lastKnownFileType = file.storyboard; path = UserProfile.storyboard; sourceTree = "<group>"; };
		3D5FA2E82397B49200967C99 /* FilterSportSohaib.storyboard */ = {isa = PBXFileReference; lastKnownFileType = file.storyboard; path = FilterSportSohaib.storyboard; sourceTree = "<group>"; };
		3D5FA2EA2397B4FF00967C99 /* FilterCalendarSohaib.storyboard */ = {isa = PBXFileReference; lastKnownFileType = file.storyboard; path = FilterCalendarSohaib.storyboard; sourceTree = "<group>"; };
		3D8D1D3B2396C3BD00BB8A18 /* Prathiph Messagerie.storyboard */ = {isa = PBXFileReference; lastKnownFileType = file.storyboard; path = "Prathiph Messagerie.storyboard"; sourceTree = "<group>"; };
		4DE210C223A25A5B0000AB3B /* MapViewController.swift */ = {isa = PBXFileReference; lastKnownFileType = sourcecode.swift; path = MapViewController.swift; sourceTree = "<group>"; };
		DC43916A2396B3E000BA9616 /* ViensMeuf.app */ = {isa = PBXFileReference; explicitFileType = wrapper.application; includeInIndex = 0; path = ViensMeuf.app; sourceTree = BUILT_PRODUCTS_DIR; };
		DC43916D2396B3E000BA9616 /* AppDelegate.swift */ = {isa = PBXFileReference; lastKnownFileType = sourcecode.swift; path = AppDelegate.swift; sourceTree = "<group>"; };
		DC43916F2396B3E000BA9616 /* SceneDelegate.swift */ = {isa = PBXFileReference; lastKnownFileType = sourcecode.swift; path = SceneDelegate.swift; sourceTree = "<group>"; };
		DC4391742396B3E100BA9616 /* Base */ = {isa = PBXFileReference; lastKnownFileType = file.storyboard; name = Base; path = Base.lproj/Main.storyboard; sourceTree = "<group>"; };
		DC4391762396B3E200BA9616 /* Assets.xcassets */ = {isa = PBXFileReference; lastKnownFileType = folder.assetcatalog; path = Assets.xcassets; sourceTree = "<group>"; };
		DC4391792396B3E200BA9616 /* Base */ = {isa = PBXFileReference; lastKnownFileType = file.storyboard; name = Base; path = Base.lproj/LaunchScreen.storyboard; sourceTree = "<group>"; };
		DC43917B2396B3E200BA9616 /* Info.plist */ = {isa = PBXFileReference; lastKnownFileType = text.plist.xml; path = Info.plist; sourceTree = "<group>"; };
		DC4391812396C1B700BA9616 /* MapJasmine.storyboard */ = {isa = PBXFileReference; lastKnownFileType = file.storyboard; path = MapJasmine.storyboard; sourceTree = "<group>"; };
		DCAC337823A4493700F4C7F7 /* EventCreation.storyboard */ = {isa = PBXFileReference; lastKnownFileType = file.storyboard; path = EventCreation.storyboard; sourceTree = "<group>"; };
		DCAC337C23A46C7100F4C7F7 /* SearchingBySportViewController.swift */ = {isa = PBXFileReference; lastKnownFileType = sourcecode.swift; path = SearchingBySportViewController.swift; sourceTree = "<group>"; };
		DCAC337E23A46C9F00F4C7F7 /* SearchingBySport.storyboard */ = {isa = PBXFileReference; lastKnownFileType = file.storyboard; path = SearchingBySport.storyboard; sourceTree = "<group>"; };
/* End PBXFileReference section */

/* Begin PBXFrameworksBuildPhase section */
		DC4391672396B3E000BA9616 /* Frameworks */ = {
			isa = PBXFrameworksBuildPhase;
			buildActionMask = 2147483647;
			files = (
			);
			runOnlyForDeploymentPostprocessing = 0;
		};
/* End PBXFrameworksBuildPhase section */

/* Begin PBXGroup section */
		DC4391612396B3E000BA9616 = {
			isa = PBXGroup;
			children = (
				DC43916C2396B3E000BA9616 /* ViensMeuf */,
				DC43916B2396B3E000BA9616 /* Products */,
			);
			sourceTree = "<group>";
		};
		DC43916B2396B3E000BA9616 /* Products */ = {
			isa = PBXGroup;
			children = (
				DC43916A2396B3E000BA9616 /* ViensMeuf.app */,
			);
			name = Products;
			sourceTree = "<group>";
		};
		DC43916C2396B3E000BA9616 /* ViensMeuf */ = {
			isa = PBXGroup;
			children = (
				DC43916D2396B3E000BA9616 /* AppDelegate.swift */,
				DC43916F2396B3E000BA9616 /* SceneDelegate.swift */,
				DC4391732396B3E100BA9616 /* Main.storyboard */,
				DC4391812396C1B700BA9616 /* MapJasmine.storyboard */,
				DCAC337C23A46C7100F4C7F7 /* SearchingBySportViewController.swift */,
				DCAC337E23A46C9F00F4C7F7 /* SearchingBySport.storyboard */,
				3D5FA2EA2397B4FF00967C99 /* FilterCalendarSohaib.storyboard */,
				DCAC337823A4493700F4C7F7 /* EventCreation.storyboard */,
				3D5FA2E42397B3C200967C99 /* eventDetailDonovan.storyboard */,
				4DE210C223A25A5B0000AB3B /* MapViewController.swift */,
				3D8D1D3B2396C3BD00BB8A18 /* Prathiph Messagerie.storyboard */,
				3D5FA2E62397B43100967C99 /* UserProfile.storyboard */,
				DC4391762396B3E200BA9616 /* Assets.xcassets */,
				DC4391782396B3E200BA9616 /* LaunchScreen.storyboard */,
				DC43917B2396B3E200BA9616 /* Info.plist */,
				3D5FA2E82397B49200967C99 /* FilterSportSohaib.storyboard */,
			);
			path = ViensMeuf;
			sourceTree = "<group>";
		};
/* End PBXGroup section */

/* Begin PBXNativeTarget section */
		DC4391692396B3E000BA9616 /* ViensMeuf */ = {
			isa = PBXNativeTarget;
			buildConfigurationList = DC43917E2396B3E200BA9616 /* Build configuration list for PBXNativeTarget "ViensMeuf" */;
			buildPhases = (
				DC4391662396B3E000BA9616 /* Sources */,
				DC4391672396B3E000BA9616 /* Frameworks */,
				DC4391682396B3E000BA9616 /* Resources */,
			);
			buildRules = (
			);
			dependencies = (
			);
			name = ViensMeuf;
			productName = ViensMeuf;
			productReference = DC43916A2396B3E000BA9616 /* ViensMeuf.app */;
			productType = "com.apple.product-type.application";
		};
/* End PBXNativeTarget section */

/* Begin PBXProject section */
		DC4391622396B3E000BA9616 /* Project object */ = {
			isa = PBXProject;
			attributes = {
				LastSwiftUpdateCheck = 1120;
				LastUpgradeCheck = 1120;
				ORGANIZATIONNAME = Jasmine;
				TargetAttributes = {
					DC4391692396B3E000BA9616 = {
						CreatedOnToolsVersion = 11.2.1;
					};
				};
			};
			buildConfigurationList = DC4391652396B3E000BA9616 /* Build configuration list for PBXProject "ViensMeuf" */;
			compatibilityVersion = "Xcode 9.3";
			developmentRegion = en;
			hasScannedForEncodings = 0;
			knownRegions = (
				en,
				Base,
			);
			mainGroup = DC4391612396B3E000BA9616;
			productRefGroup = DC43916B2396B3E000BA9616 /* Products */;
			projectDirPath = "";
			projectRoot = "";
			targets = (
				DC4391692396B3E000BA9616 /* ViensMeuf */,
			);
		};
/* End PBXProject section */

/* Begin PBXResourcesBuildPhase section */
		DC4391682396B3E000BA9616 /* Resources */ = {
			isa = PBXResourcesBuildPhase;
			buildActionMask = 2147483647;
			files = (
				3D5FA2E72397B43100967C99 /* UserProfile.storyboard in Resources */,
				DC43917A2396B3E200BA9616 /* LaunchScreen.storyboard in Resources */,
				DC4391822396C1B700BA9616 /* MapJasmine.storyboard in Resources */,
				DCAC337F23A46C9F00F4C7F7 /* SearchingBySport.storyboard in Resources */,
				3D5FA2E52397B3C200967C99 /* eventDetailDonovan.storyboard in Resources */,
				DCAC337923A4493700F4C7F7 /* EventCreation.storyboard in Resources */,
				3D8D1D3C2396C3BD00BB8A18 /* Prathiph Messagerie.storyboard in Resources */,
				DC4391772396B3E200BA9616 /* Assets.xcassets in Resources */,
				DC4391752396B3E100BA9616 /* Main.storyboard in Resources */,
				3D5FA2EB2397B4FF00967C99 /* FilterCalendarSohaib.storyboard in Resources */,
				3D5FA2E92397B49200967C99 /* FilterSportSohaib.storyboard in Resources */,
			);
			runOnlyForDeploymentPostprocessing = 0;
		};
/* End PBXResourcesBuildPhase section */

/* Begin PBXSourcesBuildPhase section */
		DC4391662396B3E000BA9616 /* Sources */ = {
			isa = PBXSourcesBuildPhase;
			buildActionMask = 2147483647;
			files = (
				4DE210C323A25A5B0000AB3B /* MapViewController.swift in Sources */,
				DCAC337D23A46C7100F4C7F7 /* SearchingBySportViewController.swift in Sources */,
				DC43916E2396B3E000BA9616 /* AppDelegate.swift in Sources */,
				DC4391702396B3E000BA9616 /* SceneDelegate.swift in Sources */,
			);
			runOnlyForDeploymentPostprocessing = 0;
		};
/* End PBXSourcesBuildPhase section */

/* Begin PBXVariantGroup section */
		DC4391732396B3E100BA9616 /* Main.storyboard */ = {
			isa = PBXVariantGroup;
			children = (
				DC4391742396B3E100BA9616 /* Base */,
			);
			name = Main.storyboard;
			sourceTree = "<group>";
		};
		DC4391782396B3E200BA9616 /* LaunchScreen.storyboard */ = {
			isa = PBXVariantGroup;
			children = (
				DC4391792396B3E200BA9616 /* Base */,
			);
			name = LaunchScreen.storyboard;
			sourceTree = "<group>";
		};
/* End PBXVariantGroup section */

/* Begin XCBuildConfiguration section */
		DC43917C2396B3E200BA9616 /* Debug */ = {
			isa = XCBuildConfiguration;
			buildSettings = {
				ALWAYS_SEARCH_USER_PATHS = NO;
				CLANG_ANALYZER_NONNULL = YES;
				CLANG_ANALYZER_NUMBER_OBJECT_CONVERSION = YES_AGGRESSIVE;
				CLANG_CXX_LANGUAGE_STANDARD = "gnu++14";
				CLANG_CXX_LIBRARY = "libc++";
				CLANG_ENABLE_MODULES = YES;
				CLANG_ENABLE_OBJC_ARC = YES;
				CLANG_ENABLE_OBJC_WEAK = YES;
				CLANG_WARN_BLOCK_CAPTURE_AUTORELEASING = YES;
				CLANG_WARN_BOOL_CONVERSION = YES;
				CLANG_WARN_COMMA = YES;
				CLANG_WARN_CONSTANT_CONVERSION = YES;
				CLANG_WARN_DEPRECATED_OBJC_IMPLEMENTATIONS = YES;
				CLANG_WARN_DIRECT_OBJC_ISA_USAGE = YES_ERROR;
				CLANG_WARN_DOCUMENTATION_COMMENTS = YES;
				CLANG_WARN_EMPTY_BODY = YES;
				CLANG_WARN_ENUM_CONVERSION = YES;
				CLANG_WARN_INFINITE_RECURSION = YES;
				CLANG_WARN_INT_CONVERSION = YES;
				CLANG_WARN_NON_LITERAL_NULL_CONVERSION = YES;
				CLANG_WARN_OBJC_IMPLICIT_RETAIN_SELF = YES;
				CLANG_WARN_OBJC_LITERAL_CONVERSION = YES;
				CLANG_WARN_OBJC_ROOT_CLASS = YES_ERROR;
				CLANG_WARN_RANGE_LOOP_ANALYSIS = YES;
				CLANG_WARN_STRICT_PROTOTYPES = YES;
				CLANG_WARN_SUSPICIOUS_MOVE = YES;
				CLANG_WARN_UNGUARDED_AVAILABILITY = YES_AGGRESSIVE;
				CLANG_WARN_UNREACHABLE_CODE = YES;
				CLANG_WARN__DUPLICATE_METHOD_MATCH = YES;
				COPY_PHASE_STRIP = NO;
				DEBUG_INFORMATION_FORMAT = dwarf;
				ENABLE_STRICT_OBJC_MSGSEND = YES;
				ENABLE_TESTABILITY = YES;
				GCC_C_LANGUAGE_STANDARD = gnu11;
				GCC_DYNAMIC_NO_PIC = NO;
				GCC_NO_COMMON_BLOCKS = YES;
				GCC_OPTIMIZATION_LEVEL = 0;
				GCC_PREPROCESSOR_DEFINITIONS = (
					"DEBUG=1",
					"$(inherited)",
				);
				GCC_WARN_64_TO_32_BIT_CONVERSION = YES;
				GCC_WARN_ABOUT_RETURN_TYPE = YES_ERROR;
				GCC_WARN_UNDECLARED_SELECTOR = YES;
				GCC_WARN_UNINITIALIZED_AUTOS = YES_AGGRESSIVE;
				GCC_WARN_UNUSED_FUNCTION = YES;
				GCC_WARN_UNUSED_VARIABLE = YES;
				IPHONEOS_DEPLOYMENT_TARGET = 13.2;
				MTL_ENABLE_DEBUG_INFO = INCLUDE_SOURCE;
				MTL_FAST_MATH = YES;
				ONLY_ACTIVE_ARCH = YES;
				SDKROOT = iphoneos;
				SWIFT_ACTIVE_COMPILATION_CONDITIONS = DEBUG;
				SWIFT_OPTIMIZATION_LEVEL = "-Onone";
			};
			name = Debug;
		};
		DC43917D2396B3E200BA9616 /* Release */ = {
			isa = XCBuildConfiguration;
			buildSettings = {
				ALWAYS_SEARCH_USER_PATHS = NO;
				CLANG_ANALYZER_NONNULL = YES;
				CLANG_ANALYZER_NUMBER_OBJECT_CONVERSION = YES_AGGRESSIVE;
				CLANG_CXX_LANGUAGE_STANDARD = "gnu++14";
				CLANG_CXX_LIBRARY = "libc++";
				CLANG_ENABLE_MODULES = YES;
				CLANG_ENABLE_OBJC_ARC = YES;
				CLANG_ENABLE_OBJC_WEAK = YES;
				CLANG_WARN_BLOCK_CAPTURE_AUTORELEASING = YES;
				CLANG_WARN_BOOL_CONVERSION = YES;
				CLANG_WARN_COMMA = YES;
				CLANG_WARN_CONSTANT_CONVERSION = YES;
				CLANG_WARN_DEPRECATED_OBJC_IMPLEMENTATIONS = YES;
				CLANG_WARN_DIRECT_OBJC_ISA_USAGE = YES_ERROR;
				CLANG_WARN_DOCUMENTATION_COMMENTS = YES;
				CLANG_WARN_EMPTY_BODY = YES;
				CLANG_WARN_ENUM_CONVERSION = YES;
				CLANG_WARN_INFINITE_RECURSION = YES;
				CLANG_WARN_INT_CONVERSION = YES;
				CLANG_WARN_NON_LITERAL_NULL_CONVERSION = YES;
				CLANG_WARN_OBJC_IMPLICIT_RETAIN_SELF = YES;
				CLANG_WARN_OBJC_LITERAL_CONVERSION = YES;
				CLANG_WARN_OBJC_ROOT_CLASS = YES_ERROR;
				CLANG_WARN_RANGE_LOOP_ANALYSIS = YES;
				CLANG_WARN_STRICT_PROTOTYPES = YES;
				CLANG_WARN_SUSPICIOUS_MOVE = YES;
				CLANG_WARN_UNGUARDED_AVAILABILITY = YES_AGGRESSIVE;
				CLANG_WARN_UNREACHABLE_CODE = YES;
				CLANG_WARN__DUPLICATE_METHOD_MATCH = YES;
				COPY_PHASE_STRIP = NO;
				DEBUG_INFORMATION_FORMAT = "dwarf-with-dsym";
				ENABLE_NS_ASSERTIONS = NO;
				ENABLE_STRICT_OBJC_MSGSEND = YES;
				GCC_C_LANGUAGE_STANDARD = gnu11;
				GCC_NO_COMMON_BLOCKS = YES;
				GCC_WARN_64_TO_32_BIT_CONVERSION = YES;
				GCC_WARN_ABOUT_RETURN_TYPE = YES_ERROR;
				GCC_WARN_UNDECLARED_SELECTOR = YES;
				GCC_WARN_UNINITIALIZED_AUTOS = YES_AGGRESSIVE;
				GCC_WARN_UNUSED_FUNCTION = YES;
				GCC_WARN_UNUSED_VARIABLE = YES;
				IPHONEOS_DEPLOYMENT_TARGET = 13.2;
				MTL_ENABLE_DEBUG_INFO = NO;
				MTL_FAST_MATH = YES;
				SDKROOT = iphoneos;
				SWIFT_COMPILATION_MODE = wholemodule;
				SWIFT_OPTIMIZATION_LEVEL = "-O";
				VALIDATE_PRODUCT = YES;
			};
			name = Release;
		};
		DC43917F2396B3E200BA9616 /* Debug */ = {
			isa = XCBuildConfiguration;
			buildSettings = {
				ASSETCATALOG_COMPILER_APPICON_NAME = AppIcon;
				CODE_SIGN_STYLE = Automatic;
				INFOPLIST_FILE = ViensMeuf/Info.plist;
				LD_RUNPATH_SEARCH_PATHS = (
					"$(inherited)",
					"@executable_path/Frameworks",
				);
				PRODUCT_BUNDLE_IDENTIFIER = Simplon.ViensMeuf;
				PRODUCT_NAME = "$(TARGET_NAME)";
				SWIFT_VERSION = 5.0;
				TARGETED_DEVICE_FAMILY = "1,2";
			};
			name = Debug;
		};
		DC4391802396B3E200BA9616 /* Release */ = {
			isa = XCBuildConfiguration;
			buildSettings = {
				ASSETCATALOG_COMPILER_APPICON_NAME = AppIcon;
				CODE_SIGN_STYLE = Automatic;
				INFOPLIST_FILE = ViensMeuf/Info.plist;
				LD_RUNPATH_SEARCH_PATHS = (
					"$(inherited)",
					"@executable_path/Frameworks",
				);
				PRODUCT_BUNDLE_IDENTIFIER = Simplon.ViensMeuf;
				PRODUCT_NAME = "$(TARGET_NAME)";
				SWIFT_VERSION = 5.0;
				TARGETED_DEVICE_FAMILY = "1,2";
			};
			name = Release;
		};
/* End XCBuildConfiguration section */

/* Begin XCConfigurationList section */
		DC4391652396B3E000BA9616 /* Build configuration list for PBXProject "ViensMeuf" */ = {
			isa = XCConfigurationList;
			buildConfigurations = (
				DC43917C2396B3E200BA9616 /* Debug */,
				DC43917D2396B3E200BA9616 /* Release */,
			);
			defaultConfigurationIsVisible = 0;
			defaultConfigurationName = Release;
		};
		DC43917E2396B3E200BA9616 /* Build configuration list for PBXNativeTarget "ViensMeuf" */ = {
			isa = XCConfigurationList;
			buildConfigurations = (
				DC43917F2396B3E200BA9616 /* Debug */,
				DC4391802396B3E200BA9616 /* Release */,
			);
			defaultConfigurationIsVisible = 0;
			defaultConfigurationName = Release;
		};
/* End XCConfigurationList section */
	};
	rootObject = DC4391622396B3E000BA9616 /* Project object */;
}
